
Microsoft Visual Studio Solution File, Format Version 12.00
# Visual Studio 15
VisualStudioVersion = 15.0.27130.2027
MinimumVisualStudioVersion = 10.0.40219.1
Project("{FAE04EC0-301F-11D3-BF4B-00C04F79EFBC}") = "MeseMe.WPF", "MeseMe.WPF\MeseMe.WPF.csproj", "{223EF073-3ADE-45B0-9F2D-411CAFF4E3EF}"
EndProject
Project("{FAE04EC0-301F-11D3-BF4B-00C04F79EFBC}") = "MeseMe.Infrastructure", "MeseMe.Infrastructure\MeseMe.Infrastructure.csproj", "{8BC144A6-876D-4998-827B-74627C3FB59F}"
EndProject
Project("{FAE04EC0-301F-11D3-BF4B-00C04F79EFBC}") = "MeseMe.Models", "MeseMe.Models\MeseMe.Models.csproj", "{6614D81B-FE3D-4616-A571-B7EB78FE328E}"
EndProject
Project("{2150E333-8FDC-42A3-9474-1A3956D46DE8}") = "Modules", "Modules", "{309DFB59-0BEC-401D-82F7-36091E75B489}"
EndProject
Project("{FAE04EC0-301F-11D3-BF4B-00C04F79EFBC}") = "MeseMe.MessageBoxModule", "MeseMe.MessageBoxModule\MeseMe.MessageBoxModule.csproj", "{9DF6A9E9-E741-404F-BEC2-A0991E0F2265}"
EndProject
Project("{2150E333-8FDC-42A3-9474-1A3956D46DE8}") = "Server", "Server", "{E9423223-3729-4442-AB56-0B07CF4EEE7A}"
EndProject
Project("{FAE04EC0-301F-11D3-BF4B-00C04F79EFBC}") = "MeseMe.Server", "MeseMe.Server\MeseMe.Server.csproj", "{F279CCEF-6514-4D93-AD19-00EF85BE74C0}"
EndProject
Project("{FAE04EC0-301F-11D3-BF4B-00C04F79EFBC}") = "MeseMe.ServerRunner", "MeseMe.ServerRunner\MeseMe.ServerRunner.csproj", "{9B9755D2-2C5E-40BF-B790-1502A120066E}"
EndProject
Project("{FAE04EC0-301F-11D3-BF4B-00C04F79EFBC}") = "MeseMe.ServerLogger", "MeseMe.ServerLogger\MeseMe.ServerLogger.csproj", "{2E6CDBBA-6937-4B03-96D8-250E802BA61B}"
EndProject
Project("{FAE04EC0-301F-11D3-BF4B-00C04F79EFBC}") = "MeseMe.Communicator", "MeseMe.Communicator\MeseMe.Communicator.csproj", "{C4EF1692-A787-4D84-8084-011E283DAB04}"
EndProject
Project("{FAE04EC0-301F-11D3-BF4B-00C04F79EFBC}") = "MeseMe.Contracts", "MeseMe.Contracts\MeseMe.Contracts.csproj", "{8F3FD70D-6869-4468-B551-8DFE9F26A246}"
EndProject
Project("{2150E333-8FDC-42A3-9474-1A3956D46DE8}") = "WPF", "WPF", "{3513ED2D-05B3-4DA5-AA64-CF54117EDCF8}"
EndProject
Project("{2150E333-8FDC-42A3-9474-1A3956D46DE8}") = "Protocol", "Protocol", "{BBFAD7B7-F8CA-4085-AB47-A3A070752147}"
EndProject
Global
	GlobalSection(SolutionConfigurationPlatforms) = preSolution
		Debug|Any CPU = Debug|Any CPU
		Release|Any CPU = Release|Any CPU
	EndGlobalSection
	GlobalSection(ProjectConfigurationPlatforms) = postSolution
		{223EF073-3ADE-45B0-9F2D-411CAFF4E3EF}.Debug|Any CPU.ActiveCfg = Debug|Any CPU
		{223EF073-3ADE-45B0-9F2D-411CAFF4E3EF}.Debug|Any CPU.Build.0 = Debug|Any CPU
		{223EF073-3ADE-45B0-9F2D-411CAFF4E3EF}.Release|Any CPU.ActiveCfg = Release|Any CPU
		{223EF073-3ADE-45B0-9F2D-411CAFF4E3EF}.Release|Any CPU.Build.0 = Release|Any CPU
		{8BC144A6-876D-4998-827B-74627C3FB59F}.Debug|Any CPU.ActiveCfg = Debug|Any CPU
		{8BC144A6-876D-4998-827B-74627C3FB59F}.Debug|Any CPU.Build.0 = Debug|Any CPU
		{8BC144A6-876D-4998-827B-74627C3FB59F}.Release|Any CPU.ActiveCfg = Release|Any CPU
		{8BC144A6-876D-4998-827B-74627C3FB59F}.Release|Any CPU.Build.0 = Release|Any CPU
		{6614D81B-FE3D-4616-A571-B7EB78FE328E}.Debug|Any CPU.ActiveCfg = Debug|Any CPU
		{6614D81B-FE3D-4616-A571-B7EB78FE328E}.Debug|Any CPU.Build.0 = Debug|Any CPU
		{6614D81B-FE3D-4616-A571-B7EB78FE328E}.Release|Any CPU.ActiveCfg = Release|Any CPU
		{6614D81B-FE3D-4616-A571-B7EB78FE328E}.Release|Any CPU.Build.0 = Release|Any CPU
		{9DF6A9E9-E741-404F-BEC2-A0991E0F2265}.Debug|Any CPU.ActiveCfg = Debug|Any CPU
		{9DF6A9E9-E741-404F-BEC2-A0991E0F2265}.Debug|Any CPU.Build.0 = Debug|Any CPU
		{9DF6A9E9-E741-404F-BEC2-A0991E0F2265}.Release|Any CPU.ActiveCfg = Release|Any CPU
		{9DF6A9E9-E741-404F-BEC2-A0991E0F2265}.Release|Any CPU.Build.0 = Release|Any CPU
		{F279CCEF-6514-4D93-AD19-00EF85BE74C0}.Debug|Any CPU.ActiveCfg = Debug|Any CPU
		{F279CCEF-6514-4D93-AD19-00EF85BE74C0}.Debug|Any CPU.Build.0 = Debug|Any CPU
		{F279CCEF-6514-4D93-AD19-00EF85BE74C0}.Release|Any CPU.ActiveCfg = Release|Any CPU
		{F279CCEF-6514-4D93-AD19-00EF85BE74C0}.Release|Any CPU.Build.0 = Release|Any CPU
		{9B9755D2-2C5E-40BF-B790-1502A120066E}.Debug|Any CPU.ActiveCfg = Debug|Any CPU
		{9B9755D2-2C5E-40BF-B790-1502A120066E}.Debug|Any CPU.Build.0 = Debug|Any CPU
		{9B9755D2-2C5E-40BF-B790-1502A120066E}.Release|Any CPU.ActiveCfg = Release|Any CPU
		{9B9755D2-2C5E-40BF-B790-1502A120066E}.Release|Any CPU.Build.0 = Release|Any CPU
		{2E6CDBBA-6937-4B03-96D8-250E802BA61B}.Debug|Any CPU.ActiveCfg = Debug|Any CPU
		{2E6CDBBA-6937-4B03-96D8-250E802BA61B}.Debug|Any CPU.Build.0 = Debug|Any CPU
		{2E6CDBBA-6937-4B03-96D8-250E802BA61B}.Release|Any CPU.ActiveCfg = Release|Any CPU
		{2E6CDBBA-6937-4B03-96D8-250E802BA61B}.Release|Any CPU.Build.0 = Release|Any CPU
		{C4EF1692-A787-4D84-8084-011E283DAB04}.Debug|Any CPU.ActiveCfg = Debug|Any CPU
		{C4EF1692-A787-4D84-8084-011E283DAB04}.Debug|Any CPU.Build.0 = Debug|Any CPU
		{C4EF1692-A787-4D84-8084-011E283DAB04}.Release|Any CPU.ActiveCfg = Release|Any CPU
		{C4EF1692-A787-4D84-8084-011E283DAB04}.Release|Any CPU.Build.0 = Release|Any CPU
		{8F3FD70D-6869-4468-B551-8DFE9F26A246}.Debug|Any CPU.ActiveCfg = Debug|Any CPU
		{8F3FD70D-6869-4468-B551-8DFE9F26A246}.Debug|Any CPU.Build.0 = Debug|Any CPU
		{8F3FD70D-6869-4468-B551-8DFE9F26A246}.Release|Any CPU.ActiveCfg = Release|Any CPU
		{8F3FD70D-6869-4468-B551-8DFE9F26A246}.Release|Any CPU.Build.0 = Release|Any CPU
	EndGlobalSection
	GlobalSection(SolutionProperties) = preSolution
		HideSolutionNode = FALSE
	EndGlobalSection
	GlobalSection(NestedProjects) = preSolution
		{223EF073-3ADE-45B0-9F2D-411CAFF4E3EF} = {3513ED2D-05B3-4DA5-AA64-CF54117EDCF8}
		{8BC144A6-876D-4998-827B-74627C3FB59F} = {3513ED2D-05B3-4DA5-AA64-CF54117EDCF8}
		{6614D81B-FE3D-4616-A571-B7EB78FE328E} = {BBFAD7B7-F8CA-4085-AB47-A3A070752147}
		{9DF6A9E9-E741-404F-BEC2-A0991E0F2265} = {309DFB59-0BEC-401D-82F7-36091E75B489}
		{F279CCEF-6514-4D93-AD19-00EF85BE74C0} = {E9423223-3729-4442-AB56-0B07CF4EEE7A}
		{9B9755D2-2C5E-40BF-B790-1502A120066E} = {E9423223-3729-4442-AB56-0B07CF4EEE7A}
		{2E6CDBBA-6937-4B03-96D8-250E802BA61B} = {E9423223-3729-4442-AB56-0B07CF4EEE7A}
		{C4EF1692-A787-4D84-8084-011E283DAB04} = {BBFAD7B7-F8CA-4085-AB47-A3A070752147}
		{8F3FD70D-6869-4468-B551-8DFE9F26A246} = {BBFAD7B7-F8CA-4085-AB47-A3A070752147}
	EndGlobalSection
	GlobalSection(ExtensibilityGlobals) = postSolution
		SolutionGuid = {DA593677-0CE9-47BC-B99B-4A1A63F8F815}
	EndGlobalSection
EndGlobal
